<?xml version="1.0" encoding="utf-8"?>
<Project ToolsVersion="4.0" xmlns="http://schemas.microsoft.com/developer/msbuild/2003">

  <!-- ============================================================ -->
  <!-- Filter Definitions — folders shown in Solution Explorer       -->
  <!-- ============================================================ -->
  <ItemGroup>
    <Filter Include="src">
      <UniqueIdentifier>{4FC737F1-C7A5-4376-A066-2A32D752A2FF}</UniqueIdentifier>
    </Filter>
    <Filter Include="src\core">
      <UniqueIdentifier>{93995380-89BD-4B04-88EB-625FBE52EBFB}</UniqueIdentifier>
    </Filter>
    <Filter Include="src\renderer">
      <UniqueIdentifier>{67DA6AB6-F800-4C08-8B5A-2A8E7C1F3E5A}</UniqueIdentifier>
    </Filter>
    <Filter Include="src\utils">
      <UniqueIdentifier>{E8D5A812-6C47-4B1A-A6FE-3D4B58F0C9D2}</UniqueIdentifier>
    </Filter>
    <Filter Include="shaders">
      <UniqueIdentifier>{B5A3C4D6-7E8F-4A2B-9C1D-0E3F5A6B7C8D}</UniqueIdentifier>
    </Filter>
    <Filter Include="external">
      <UniqueIdentifier>{D1E2F3A4-B5C6-7D8E-9F0A-1B2C3D4E5F6A}</UniqueIdentifier>
    </Filter>
  </ItemGroup>

  <!-- ============================================================ -->
  <!-- Source Files                                                   -->
  <!-- ============================================================ -->
  <ItemGroup>
    <ClCompile Include="src\main.cpp">
      <Filter>src</Filter>
    </ClCompile>
    <ClCompile Include="src\core\Window.cpp">
      <Filter>src\core</Filter>
    </ClCompile>
    <ClCompile Include="src\core\Shader.cpp">
      <Filter>src\core</Filter>
    </ClCompile>
    <ClCompile Include="src\core\Camera.cpp">
      <Filter>src\core</Filter>
    </ClCompile>
    <ClCompile Include="src\core\ShaderLibrary.cpp">
      <Filter>src\core</Filter>
    </ClCompile>
    <ClCompile Include="src\core\InputHandler.cpp">
      <Filter>src\core</Filter>
    </ClCompile>
    <ClCompile Include="src\renderer\Mesh.cpp">
      <Filter>src\renderer</Filter>
    </ClCompile>
    <ClCompile Include="src\renderer\Primitives.cpp">
      <Filter>src\renderer</Filter>
    </ClCompile>
    <ClCompile Include="external\glad\glad.c">
      <Filter>external</Filter>
    </ClCompile>
  </ItemGroup>

  <!-- ============================================================ -->
  <!-- Header Files                                                   -->
  <!-- ============================================================ -->
  <ItemGroup>
    <ClInclude Include="src\core\Window.h">
      <Filter>src\core</Filter>
    </ClInclude>
    <ClInclude Include="src\core\Shader.h">
      <Filter>src\core</Filter>
    </ClInclude>
    <ClInclude Include="src\core\Camera.h">
      <Filter>src\core</Filter>
    </ClInclude>
    <ClInclude Include="src\core\ShaderLibrary.h">
      <Filter>src\core</Filter>
    </ClInclude>
    <ClInclude Include="src\core\InputHandler.h">
      <Filter>src\core</Filter>
    </ClInclude>
    <ClInclude Include="src\renderer\Mesh.h">
      <Filter>src\renderer</Filter>
    </ClInclude>
    <ClInclude Include="src\renderer\Renderer.h">
      <Filter>src\renderer</Filter>
    </ClInclude>
    <ClInclude Include="src\renderer\Primitives.h">
      <Filter>src\renderer</Filter>
    </ClInclude>
    <ClInclude Include="src\utils\Logger.h">
      <Filter>src\utils</Filter>
    </ClInclude>
    <ClInclude Include="src\utils\FileUtils.h">
      <Filter>src\utils</Filter>
    </ClInclude>
    <ClInclude Include="src\utils\Transform.h">
      <Filter>src\utils</Filter>
    </ClInclude>
  </ItemGroup>

  <!-- ============================================================ -->
  <!-- Shader Files                                                   -->
  <!-- ============================================================ -->
  <ItemGroup>
    <None Include="shaders\basic.vert">
      <Filter>shaders</Filter>
    </None>
    <None Include="shaders\basic.frag">
      <Filter>shaders</Filter>
    </None>
  </ItemGroup>

</Project>